// !$*UTF8*$!
{
	archiveVersion = 1;
	classes = {
	};
	objectVersion = 55;
	objects = {

/* Begin PBXBuildFile section */
		EC32B028280565540015483F /* LearningApp.swift in Sources */ = {isa = PBXBuildFile; fileRef = EC32B027280565540015483F /* LearningApp.swift */; };
		EC32B02A280565540015483F /* HomeView.swift in Sources */ = {isa = PBXBuildFile; fileRef = EC32B029280565540015483F /* HomeView.swift */; };
		EC32B02C280565560015483F /* Assets.xcassets in Resources */ = {isa = PBXBuildFile; fileRef = EC32B02B280565560015483F /* Assets.xcassets */; };
		EC32B02F280565560015483F /* Preview Assets.xcassets in Resources */ = {isa = PBXBuildFile; fileRef = EC32B02E280565560015483F /* Preview Assets.xcassets */; };
		EC32B03B280566290015483F /* ContentModel.swift in Sources */ = {isa = PBXBuildFile; fileRef = EC32B03A280566290015483F /* ContentModel.swift */; };
		EC32B03E28056B0C0015483F /* style.html in Resources */ = {isa = PBXBuildFile; fileRef = EC32B03C28056B0C0015483F /* style.html */; };
		EC32B04128056CED0015483F /* Models.swift in Sources */ = {isa = PBXBuildFile; fileRef = EC32B04028056CED0015483F /* Models.swift */; };
		EC3FED3C2806F05700ADD533 /* ContentView.swift in Sources */ = {isa = PBXBuildFile; fileRef = EC3FED3B2806F05700ADD533 /* ContentView.swift */; };
		EC4572762808107600F1DED0 /* ContentViewRow.swift in Sources */ = {isa = PBXBuildFile; fileRef = EC4572752808107600F1DED0 /* ContentViewRow.swift */; };
		EC4572782808134300F1DED0 /* ContentDetailView.swift in Sources */ = {isa = PBXBuildFile; fileRef = EC4572772808134300F1DED0 /* ContentDetailView.swift */; };
		EC45727B2808160400F1DED0 /* AVKit.framework in Frameworks */ = {isa = PBXBuildFile; fileRef = EC45727A2808160400F1DED0 /* AVKit.framework */; };
		EC45727D2808171F00F1DED0 /* Constants.swift in Sources */ = {isa = PBXBuildFile; fileRef = EC45727C2808171F00F1DED0 /* Constants.swift */; };
		EC4572DC28084C0D00F1DED0 /* CodeTextView.swift in Sources */ = {isa = PBXBuildFile; fileRef = EC4572DB28084C0D00F1DED0 /* CodeTextView.swift */; };
		EC5A36E92805954A000854E9 /* data.json in Resources */ = {isa = PBXBuildFile; fileRef = EC5A36E82805954A000854E9 /* data.json */; };
		EC5A36EB2805BB05000854E9 /* HomeViewRow.swift in Sources */ = {isa = PBXBuildFile; fileRef = EC5A36EA2805BB05000854E9 /* HomeViewRow.swift */; };
/* End PBXBuildFile section */

/* Begin PBXFileReference section */
		EC32B024280565540015483F /* Learning App.app */ = {isa = PBXFileReference; explicitFileType = wrapper.application; includeInIndex = 0; path = "Learning App.app"; sourceTree = BUILT_PRODUCTS_DIR; };
		EC32B027280565540015483F /* LearningApp.swift */ = {isa = PBXFileReference; lastKnownFileType = sourcecode.swift; path = LearningApp.swift; sourceTree = "<group>"; };
		EC32B029280565540015483F /* HomeView.swift */ = {isa = PBXFileReference; lastKnownFileType = sourcecode.swift; path = HomeView.swift; sourceTree = "<group>"; };
		EC32B02B280565560015483F /* Assets.xcassets */ = {isa = PBXFileReference; lastKnownFileType = folder.assetcatalog; path = Assets.xcassets; sourceTree = "<group>"; };
		EC32B02E280565560015483F /* Preview Assets.xcassets */ = {isa = PBXFileReference; lastKnownFileType = folder.assetcatalog; path = "Preview Assets.xcassets"; sourceTree = "<group>"; };
		EC32B03A280566290015483F /* ContentModel.swift */ = {isa = PBXFileReference; lastKnownFileType = sourcecode.swift; path = ContentModel.swift; sourceTree = "<group>"; };
		EC32B03C28056B0C0015483F /* style.html */ = {isa = PBXFileReference; fileEncoding = 4; lastKnownFileType = text.html; path = style.html; sourceTree = "<group>"; };
		EC32B04028056CED0015483F /* Models.swift */ = {isa = PBXFileReference; lastKnownFileType = sourcecode.swift; path = Models.swift; sourceTree = "<group>"; };
		EC3FED3B2806F05700ADD533 /* ContentView.swift */ = {isa = PBXFileReference; lastKnownFileType = sourcecode.swift; path = ContentView.swift; sourceTree = "<group>"; };
		EC4572752808107600F1DED0 /* ContentViewRow.swift */ = {isa = PBXFileReference; lastKnownFileType = sourcecode.swift; path = ContentViewRow.swift; sourceTree = "<group>"; };
		EC4572772808134300F1DED0 /* ContentDetailView.swift */ = {isa = PBXFileReference; lastKnownFileType = sourcecode.swift; path = ContentDetailView.swift; sourceTree = "<group>"; };
		EC45727A2808160400F1DED0 /* AVKit.framework */ = {isa = PBXFileReference; lastKnownFileType = wrapper.framework; name = AVKit.framework; path = System/Library/Frameworks/AVKit.framework; sourceTree = SDKROOT; };
		EC45727C2808171F00F1DED0 /* Constants.swift */ = {isa = PBXFileReference; lastKnownFileType = sourcecode.swift; path = Constants.swift; sourceTree = "<group>"; };
		EC4572DB28084C0D00F1DED0 /* CodeTextView.swift */ = {isa = PBXFileReference; lastKnownFileType = sourcecode.swift; path = CodeTextView.swift; sourceTree = "<group>"; };
		EC5A36E82805954A000854E9 /* data.json */ = {isa = PBXFileReference; fileEncoding = 4; lastKnownFileType = text.json; path = data.json; sourceTree = "<group>"; };
		EC5A36EA2805BB05000854E9 /* HomeViewRow.swift */ = {isa = PBXFileReference; lastKnownFileType = sourcecode.swift; path = HomeViewRow.swift; sourceTree = "<group>"; };
/* End PBXFileReference section */

/* Begin PBXFrameworksBuildPhase section */
		EC32B021280565540015483F /* Frameworks */ = {
			isa = PBXFrameworksBuildPhase;
			buildActionMask = 2147483647;
			files = (
				EC45727B2808160400F1DED0 /* AVKit.framework in Frameworks */,
			);
			runOnlyForDeploymentPostprocessing = 0;
		};
/* End PBXFrameworksBuildPhase section */

/* Begin PBXGroup section */
		EC32B01B280565540015483F = {
			isa = PBXGroup;
			children = (
				EC32B026280565540015483F /* Learning App */,
				EC32B025280565540015483F /* Products */,
				EC4572792808160400F1DED0 /* Frameworks */,
			);
			sourceTree = "<group>";
		};
		EC32B025280565540015483F /* Products */ = {
			isa = PBXGroup;
			children = (
				EC32B024280565540015483F /* Learning App.app */,
			);
			name = Products;
			sourceTree = "<group>";
		};
		EC32B026280565540015483F /* Learning App */ = {
			isa = PBXGroup;
			children = (
				EC32B035280565B50015483F /* Views */,
				EC32B036280565BB0015483F /* ViewModels */,
				EC32B037280565D80015483F /* Models */,
				EC32B039280565FE0015483F /* Helpers */,
				EC32B038280565F10015483F /* Resources */,
				EC32B027280565540015483F /* LearningApp.swift */,
				EC32B02B280565560015483F /* Assets.xcassets */,
				EC32B02D280565560015483F /* Preview Content */,
			);
			path = "Learning App";
			sourceTree = "<group>";
		};
		EC32B02D280565560015483F /* Preview Content */ = {
			isa = PBXGroup;
			children = (
				EC32B02E280565560015483F /* Preview Assets.xcassets */,
			);
			path = "Preview Content";
			sourceTree = "<group>";
		};
		EC32B035280565B50015483F /* Views */ = {
			isa = PBXGroup;
			children = (
				EC32B029280565540015483F /* HomeView.swift */,
				EC5A36EA2805BB05000854E9 /* HomeViewRow.swift */,
				EC3FED3B2806F05700ADD533 /* ContentView.swift */,
				EC4572752808107600F1DED0 /* ContentViewRow.swift */,
				EC4572772808134300F1DED0 /* ContentDetailView.swift */,
				EC4572DB28084C0D00F1DED0 /* CodeTextView.swift */,
			);
			path = Views;
			sourceTree = "<group>";
		};
		EC32B036280565BB0015483F /* ViewModels */ = {
			isa = PBXGroup;
			children = (
				EC32B03A280566290015483F /* ContentModel.swift */,
			);
			path = ViewModels;
			sourceTree = "<group>";
		};
		EC32B037280565D80015483F /* Models */ = {
			isa = PBXGroup;
			children = (
				EC32B04028056CED0015483F /* Models.swift */,
			);
			path = Models;
			sourceTree = "<group>";
		};
		EC32B038280565F10015483F /* Resources */ = {
			isa = PBXGroup;
			children = (
				EC5A36E82805954A000854E9 /* data.json */,
				EC32B03C28056B0C0015483F /* style.html */,
				EC45727C2808171F00F1DED0 /* Constants.swift */,
			);
			path = Resources;
			sourceTree = "<group>";
		};
		EC32B039280565FE0015483F /* Helpers */ = {
			isa = PBXGroup;
			children = (
			);
			path = Helpers;
			sourceTree = "<group>";
		};
		EC4572792808160400F1DED0 /* Frameworks */ = {
			isa = PBXGroup;
			children = (
				EC45727A2808160400F1DED0 /* AVKit.framework */,
			);
			name = Frameworks;
			sourceTree = "<group>";
		};
/* End PBXGroup section */

/* Begin PBXNativeTarget section */
		EC32B023280565540015483F /* Learning App */ = {
			isa = PBXNativeTarget;
			buildConfigurationList = EC32B032280565560015483F /* Build configuration list for PBXNativeTarget "Learning App" */;
			buildPhases = (
				EC32B020280565540015483F /* Sources */,
				EC32B021280565540015483F /* Frameworks */,
				EC32B022280565540015483F /* Resources */,
			);
			buildRules = (
			);
			dependencies = (
			);
			name = "Learning App";
			productName = "Learning App";
			productReference = EC32B024280565540015483F /* Learning App.app */;
			productType = "com.apple.product-type.application";
		};
/* End PBXNativeTarget section */

/* Begin PBXProject section */
		EC32B01C280565540015483F /* Project object */ = {
			isa = PBXProject;
			attributes = {
				BuildIndependentTargetsInParallel = 1;
				LastSwiftUpdateCheck = 1330;
				LastUpgradeCheck = 1330;
				TargetAttributes = {
					EC32B023280565540015483F = {
						CreatedOnToolsVersion = 13.3;
					};
				};
			};
			buildConfigurationList = EC32B01F280565540015483F /* Build configuration list for PBXProject "Learning App" */;
			compatibilityVersion = "Xcode 13.0";
			developmentRegion = en;
			hasScannedForEncodings = 0;
			knownRegions = (
				en,
				Base,
			);
			mainGroup = EC32B01B280565540015483F;
			productRefGroup = EC32B025280565540015483F /* Products */;
			projectDirPath = "";
			projectRoot = "";
			targets = (
				EC32B023280565540015483F /* Learning App */,
			);
		};
/* End PBXProject section */

/* Begin PBXResourcesBuildPhase section */
		EC32B022280565540015483F /* Resources */ = {
			isa = PBXResourcesBuildPhase;
			buildActionMask = 2147483647;
			files = (
				EC32B03E28056B0C0015483F /* style.html in Resources */,
				EC32B02F280565560015483F /* Preview Assets.xcassets in Resources */,
				EC32B02C280565560015483F /* Assets.xcassets in Resources */,
				EC5A36E92805954A000854E9 /* data.json in Resources */,
			);
			runOnlyForDeploymentPostprocessing = 0;
		};
/* End PBXResourcesBuildPhase section */

/* Begin PBXSourcesBuildPhase section */
		EC32B020280565540015483F /* Sources */ = {
			isa = PBXSourcesBuildPhase;
			buildActionMask = 2147483647;
			files = (
				EC32B02A280565540015483F /* HomeView.swift in Sources */,
				EC5A36EB2805BB05000854E9 /* HomeViewRow.swift in Sources */,
				EC3FED3C2806F05700ADD533 /* ContentView.swift in Sources */,
				EC4572782808134300F1DED0 /* ContentDetailView.swift in Sources */,
				EC32B028280565540015483F /* LearningApp.swift in Sources */,
				EC4572762808107600F1DED0 /* ContentViewRow.swift in Sources */,
				EC4572DC28084C0D00F1DED0 /* CodeTextView.swift in Sources */,
				EC32B03B280566290015483F /* ContentModel.swift in Sources */,
				EC32B04128056CED0015483F /* Models.swift in Sources */,
				EC45727D2808171F00F1DED0 /* Constants.swift in Sources */,
			);
			runOnlyForDeploymentPostprocessing = 0;
		};
/* End PBXSourcesBuildPhase section */

/* Begin XCBuildConfiguration section */
		EC32B030280565560015483F /* Debug */ = {
			isa = XCBuildConfiguration;
			buildSettings = {
				ALWAYS_SEARCH_USER_PATHS = NO;
				CLANG_ANALYZER_NONNULL = YES;
				CLANG_ANALYZER_NUMBER_OBJECT_CONVERSION = YES_AGGRESSIVE;
				CLANG_CXX_LANGUAGE_STANDARD = "gnu++17";
				CLANG_ENABLE_MODULES = YES;
				CLANG_ENABLE_OBJC_ARC = YES;
				CLANG_ENABLE_OBJC_WEAK = YES;
				CLANG_WARN_BLOCK_CAPTURE_AUTORELEASING = YES;
				CLANG_WARN_BOOL_CONVERSION = YES;
				CLANG_WARN_COMMA = YES;
				CLANG_WARN_CONSTANT_CONVERSION = YES;
				CLANG_WARN_DEPRECATED_OBJC_IMPLEMENTATIONS = YES;
				CLANG_WARN_DIRECT_OBJC_ISA_USAGE = YES_ERROR;
				CLANG_WARN_DOCUMENTATION_COMMENTS = YES;
				CLANG_WARN_EMPTY_BODY = YES;
				CLANG_WARN_ENUM_CONVERSION = YES;
				CLANG_WARN_INFINITE_RECURSION = YES;
				CLANG_WARN_INT_CONVERSION = YES;
				CLANG_WARN_NON_LITERAL_NULL_CONVERSION = YES;
				CLANG_WARN_OBJC_IMPLICIT_RETAIN_SELF = YES;
				CLANG_WARN_OBJC_LITERAL_CONVERSION = YES;
				CLANG_WARN_OBJC_ROOT_CLASS = YES_ERROR;
				CLANG_WARN_QUOTED_INCLUDE_IN_FRAMEWORK_HEADER = YES;
				CLANG_WARN_RANGE_LOOP_ANALYSIS = YES;
				CLANG_WARN_STRICT_PROTOTYPES = YES;
				CLANG_WARN_SUSPICIOUS_MOVE = YES;
				CLANG_WARN_UNGUARDED_AVAILABILITY = YES_AGGRESSIVE;
				CLANG_WARN_UNREACHABLE_CODE = YES;
				CLANG_WARN__DUPLICATE_METHOD_MATCH = YES;
				COPY_PHASE_STRIP = NO;
				DEBUG_INFORMATION_FORMAT = dwarf;
				ENABLE_STRICT_OBJC_MSGSEND = YES;
				ENABLE_TESTABILITY = YES;
				GCC_C_LANGUAGE_STANDARD = gnu11;
				GCC_DYNAMIC_NO_PIC = NO;
				GCC_NO_COMMON_BLOCKS = YES;
				GCC_OPTIMIZATION_LEVEL = 0;
				GCC_PREPROCESSOR_DEFINITIONS = (
					"DEBUG=1",
					"$(inherited)",
				);
				GCC_WARN_64_TO_32_BIT_CONVERSION = YES;
				GCC_WARN_ABOUT_RETURN_TYPE = YES_ERROR;
				GCC_WARN_UNDECLARED_SELECTOR = YES;
				GCC_WARN_UNINITIALIZED_AUTOS = YES_AGGRESSIVE;
				GCC_WARN_UNUSED_FUNCTION = YES;
				GCC_WARN_UNUSED_VARIABLE = YES;
				IPHONEOS_DEPLOYMENT_TARGET = 15.4;
				MTL_ENABLE_DEBUG_INFO = INCLUDE_SOURCE;
				MTL_FAST_MATH = YES;
				ONLY_ACTIVE_ARCH = YES;
				SDKROOT = iphoneos;
				SWIFT_ACTIVE_COMPILATION_CONDITIONS = DEBUG;
				SWIFT_OPTIMIZATION_LEVEL = "-Onone";
			};
			name = Debug;
		};
		EC32B031280565560015483F /* Release */ = {
			isa = XCBuildConfiguration;
			buildSettings = {
				ALWAYS_SEARCH_USER_PATHS = NO;
				CLANG_ANALYZER_NONNULL = YES;
				CLANG_ANALYZER_NUMBER_OBJECT_CONVERSION = YES_AGGRESSIVE;
				CLANG_CXX_LANGUAGE_STANDARD = "gnu++17";
				CLANG_ENABLE_MODULES = YES;
				CLANG_ENABLE_OBJC_ARC = YES;
				CLANG_ENABLE_OBJC_WEAK = YES;
				CLANG_WARN_BLOCK_CAPTURE_AUTORELEASING = YES;
				CLANG_WARN_BOOL_CONVERSION = YES;
				CLANG_WARN_COMMA = YES;
				CLANG_WARN_CONSTANT_CONVERSION = YES;
				CLANG_WARN_DEPRECATED_OBJC_IMPLEMENTATIONS = YES;
				CLANG_WARN_DIRECT_OBJC_ISA_USAGE = YES_ERROR;
				CLANG_WARN_DOCUMENTATION_COMMENTS = YES;
				CLANG_WARN_EMPTY_BODY = YES;
				CLANG_WARN_ENUM_CONVERSION = YES;
				CLANG_WARN_INFINITE_RECURSION = YES;
				CLANG_WARN_INT_CONVERSION = YES;
				CLANG_WARN_NON_LITERAL_NULL_CONVERSION = YES;
				CLANG_WARN_OBJC_IMPLICIT_RETAIN_SELF = YES;
				CLANG_WARN_OBJC_LITERAL_CONVERSION = YES;
				CLANG_WARN_OBJC_ROOT_CLASS = YES_ERROR;
				CLANG_WARN_QUOTED_INCLUDE_IN_FRAMEWORK_HEADER = YES;
				CLANG_WARN_RANGE_LOOP_ANALYSIS = YES;
				CLANG_WARN_STRICT_PROTOTYPES = YES;
				CLANG_WARN_SUSPICIOUS_MOVE = YES;
				CLANG_WARN_UNGUARDED_AVAILABILITY = YES_AGGRESSIVE;
				CLANG_WARN_UNREACHABLE_CODE = YES;
				CLANG_WARN__DUPLICATE_METHOD_MATCH = YES;
				COPY_PHASE_STRIP = NO;
				DEBUG_INFORMATION_FORMAT = "dwarf-with-dsym";
				ENABLE_NS_ASSERTIONS = NO;
				ENABLE_STRICT_OBJC_MSGSEND = YES;
				GCC_C_LANGUAGE_STANDARD = gnu11;
				GCC_NO_COMMON_BLOCKS = YES;
				GCC_WARN_64_TO_32_BIT_CONVERSION = YES;
				GCC_WARN_ABOUT_RETURN_TYPE = YES_ERROR;
				GCC_WARN_UNDECLARED_SELECTOR = YES;
				GCC_WARN_UNINITIALIZED_AUTOS = YES_AGGRESSIVE;
				GCC_WARN_UNUSED_FUNCTION = YES;
				GCC_WARN_UNUSED_VARIABLE = YES;
				IPHONEOS_DEPLOYMENT_TARGET = 15.4;
				MTL_ENABLE_DEBUG_INFO = NO;
				MTL_FAST_MATH = YES;
				SDKROOT = iphoneos;
				SWIFT_COMPILATION_MODE = wholemodule;
				SWIFT_OPTIMIZATION_LEVEL = "-O";
				VALIDATE_PRODUCT = YES;
			};
			name = Release;
		};
		EC32B033280565560015483F /* Debug */ = {
			isa = XCBuildConfiguration;
			buildSettings = {
				ASSETCATALOG_COMPILER_APPICON_NAME = AppIcon;
				ASSETCATALOG_COMPILER_GLOBAL_ACCENT_COLOR_NAME = AccentColor;
				CODE_SIGN_STYLE = Automatic;
				CURRENT_PROJECT_VERSION = 1;
				DEVELOPMENT_ASSET_PATHS = "\"Learning App/Preview Content\"";
				DEVELOPMENT_TEAM = 3MA2MBR2GZ;
				ENABLE_PREVIEWS = YES;
				GENERATE_INFOPLIST_FILE = YES;
				INFOPLIST_KEY_UIApplicationSceneManifest_Generation = YES;
				INFOPLIST_KEY_UIApplicationSupportsIndirectInputEvents = YES;
				INFOPLIST_KEY_UILaunchScreen_Generation = YES;
				INFOPLIST_KEY_UISupportedInterfaceOrientations_iPad = "UIInterfaceOrientationPortrait UIInterfaceOrientationPortraitUpsideDown UIInterfaceOrientationLandscapeLeft UIInterfaceOrientationLandscapeRight";
				INFOPLIST_KEY_UISupportedInterfaceOrientations_iPhone = "UIInterfaceOrientationPortrait UIInterfaceOrientationLandscapeLeft UIInterfaceOrientationLandscapeRight";
				LD_RUNPATH_SEARCH_PATHS = (
					"$(inherited)",
					"@executable_path/Frameworks",
				);
				MARKETING_VERSION = 1.0;
				PRODUCT_BUNDLE_IDENTIFIER = "raduliano.Learning-App";
				PRODUCT_NAME = "$(TARGET_NAME)";
				SWIFT_EMIT_LOC_STRINGS = YES;
				SWIFT_VERSION = 5.0;
				TARGETED_DEVICE_FAMILY = "1,2";
			};
			name = Debug;
		};
		EC32B034280565560015483F /* Release */ = {
			isa = XCBuildConfiguration;
			buildSettings = {
				ASSETCATALOG_COMPILER_APPICON_NAME = AppIcon;
				ASSETCATALOG_COMPILER_GLOBAL_ACCENT_COLOR_NAME = AccentColor;
				CODE_SIGN_STYLE = Automatic;
				CURRENT_PROJECT_VERSION = 1;
				DEVELOPMENT_ASSET_PATHS = "\"Learning App/Preview Content\"";
				DEVELOPMENT_TEAM = 3MA2MBR2GZ;
				ENABLE_PREVIEWS = YES;
				GENERATE_INFOPLIST_FILE = YES;
				INFOPLIST_KEY_UIApplicationSceneManifest_Generation = YES;
				INFOPLIST_KEY_UIApplicationSupportsIndirectInputEvents = YES;
				INFOPLIST_KEY_UILaunchScreen_Generation = YES;
				INFOPLIST_KEY_UISupportedInterfaceOrientations_iPad = "UIInterfaceOrientationPortrait UIInterfaceOrientationPortraitUpsideDown UIInterfaceOrientationLandscapeLeft UIInterfaceOrientationLandscapeRight";
				INFOPLIST_KEY_UISupportedInterfaceOrientations_iPhone = "UIInterfaceOrientationPortrait UIInterfaceOrientationLandscapeLeft UIInterfaceOrientationLandscapeRight";
				LD_RUNPATH_SEARCH_PATHS = (
					"$(inherited)",
					"@executable_path/Frameworks",
				);
				MARKETING_VERSION = 1.0;
				PRODUCT_BUNDLE_IDENTIFIER = "raduliano.Learning-App";
				PRODUCT_NAME = "$(TARGET_NAME)";
				SWIFT_EMIT_LOC_STRINGS = YES;
				SWIFT_VERSION = 5.0;
				TARGETED_DEVICE_FAMILY = "1,2";
			};
			name = Release;
		};
/* End XCBuildConfiguration section */

/* Begin XCConfigurationList section */
		EC32B01F280565540015483F /* Build configuration list for PBXProject "Learning App" */ = {
			isa = XCConfigurationList;
			buildConfigurations = (
				EC32B030280565560015483F /* Debug */,
				EC32B031280565560015483F /* Release */,
			);
			defaultConfigurationIsVisible = 0;
			defaultConfigurationName = Release;
		};
		EC32B032280565560015483F /* Build configuration list for PBXNativeTarget "Learning App" */ = {
			isa = XCConfigurationList;
			buildConfigurations = (
				EC32B033280565560015483F /* Debug */,
				EC32B034280565560015483F /* Release */,
			);
			defaultConfigurationIsVisible = 0;
			defaultConfigurationName = Release;
		};
/* End XCConfigurationList section */
	};
	rootObject = EC32B01C280565540015483F /* Project object */;
}
